
Microsoft Visual Studio Solution File, Format Version 12.00
# Visual Studio Version 17
VisualStudioVersion = 17.1.32228.430
MinimumVisualStudioVersion = 10.0.40219.1
Project("{FAE04EC0-301F-11D3-BF4B-00C04F79EFBC}") = "project2", "project2\project2.csproj", "{1062577A-D7E8-4ADE-8607-516E327F1C01}"
EndProject
Global
	GlobalSection(SolutionConfigurationPlatforms) = preSolution
		Debug|Any CPU = Debug|Any CPU
		Release|Any CPU = Release|Any CPU
	EndGlobalSection
	GlobalSection(ProjectConfigurationPlatforms) = postSolution
		{1062577A-D7E8-4ADE-8607-516E327F1C01}.Debug|Any CPU.ActiveCfg = Debug|Any CPU
		{1062577A-D7E8-4ADE-8607-516E327F1C01}.Debug|Any CPU.Build.0 = Debug|Any CPU
		{1062577A-D7E8-4ADE-8607-516E327F1C01}.Release|Any CPU.ActiveCfg = Release|Any CPU
		{1062577A-D7E8-4ADE-8607-516E327F1C01}.Release|Any CPU.Build.0 = Release|Any CPU
	EndGlobalSection
	GlobalSection(SolutionProperties) = preSolution
		HideSolutionNode = FALSE
	EndGlobalSection
	GlobalSection(ExtensibilityGlobals) = postSolution
		SolutionGuid = {D2DB3249-7644-4357-8109-8CC081D92924}
	EndGlobalSection
EndGlobal
